
Microsoft Visual Studio Solution File, Format Version 12.00
# Visual Studio Version 17
VisualStudioVersion = 17.14.36429.23 d17.14
MinimumVisualStudioVersion = 10.0.40219.1
Project("{FAE04EC0-301F-11D3-BF4B-00C04F79EFBC}") = "StuckCleanersFix", "StuckCleanersFix\StuckCleanersFix.csproj", "{734EF406-78AA-4BB4-91AE-388B9A722216}"
EndProject
Global
	GlobalSection(SolutionConfigurationPlatforms) = preSolution
		IL2CPP|Any CPU = IL2CPP|Any CPU
		Mono|Any CPU = Mono|Any CPU
	EndGlobalSection
	GlobalSection(ProjectConfigurationPlatforms) = postSolution
		{734EF406-78AA-4BB4-91AE-388B9A722216}.IL2CPP|Any CPU.ActiveCfg = IL2CPP|Any CPU
		{734EF406-78AA-4BB4-91AE-388B9A722216}.IL2CPP|Any CPU.Build.0 = IL2CPP|Any CPU
		{734EF406-78AA-4BB4-91AE-388B9A722216}.Mono|Any CPU.ActiveCfg = Mono|Any CPU
		{734EF406-78AA-4BB4-91AE-388B9A722216}.Mono|Any CPU.Build.0 = Mono|Any CPU
	EndGlobalSection
	GlobalSection(SolutionProperties) = preSolution
		HideSolutionNode = FALSE
	EndGlobalSection
	GlobalSection(ExtensibilityGlobals) = postSolution
		SolutionGuid = {46286EF6-CA5D-4296-95B5-5A3B418C20EB}
	EndGlobalSection
EndGlobal
